// !$*UTF8*$!
{
	archiveVersion = 1;
	classes = {
	};
	objectVersion = 56;
	objects = {

/* Begin PBXBuildFile section */
		36D2DD4A2BBE821100316BDB /* TabbarVC.swift in Sources */ = {isa = PBXBuildFile; fileRef = 36D2DD492BBE821100316BDB /* TabbarVC.swift */; };
		36D2DD4F2BBE998F00316BDB /* SkillCell.xib in Resources */ = {isa = PBXBuildFile; fileRef = 36D2DD4E2BBE998F00316BDB /* SkillCell.xib */; };
		36D2DD502BBE998F00316BDB /* SkillCell.swift in Sources */ = {isa = PBXBuildFile; fileRef = 36D2DD4D2BBE998F00316BDB /* SkillCell.swift */; };
		36D2DD522BBE9B0300316BDB /* Skill.swift in Sources */ = {isa = PBXBuildFile; fileRef = 36D2DD512BBE9B0300316BDB /* Skill.swift */; };
		36DF42DC2BBEB89D00EA6A7E /* ContactVC.swift in Sources */ = {isa = PBXBuildFile; fileRef = 36DF42DB2BBEB89D00EA6A7E /* ContactVC.swift */; };
		36E906F42BBC070C00425255 /* AppDelegate.swift in Sources */ = {isa = PBXBuildFile; fileRef = 36E906F32BBC070C00425255 /* AppDelegate.swift */; };
		36E906F62BBC070C00425255 /* SceneDelegate.swift in Sources */ = {isa = PBXBuildFile; fileRef = 36E906F52BBC070C00425255 /* SceneDelegate.swift */; };
		36E906F82BBC070C00425255 /* ViewController.swift in Sources */ = {isa = PBXBuildFile; fileRef = 36E906F72BBC070C00425255 /* ViewController.swift */; };
		36E906FB2BBC070C00425255 /* Base in Resources */ = {isa = PBXBuildFile; fileRef = 36E906FA2BBC070C00425255 /* Base */; };
		36E906FD2BBC070D00425255 /* Assets.xcassets in Resources */ = {isa = PBXBuildFile; fileRef = 36E906FC2BBC070D00425255 /* Assets.xcassets */; };
		36E907142BBC10D800425255 /* HomeVC.swift in Sources */ = {isa = PBXBuildFile; fileRef = 36E907132BBC10D800425255 /* HomeVC.swift */; };
		36E907162BBC10EA00425255 /* TabbarVC.storyboard in Resources */ = {isa = PBXBuildFile; fileRef = 36E907152BBC10EA00425255 /* TabbarVC.storyboard */; };
/* End PBXBuildFile section */

/* Begin PBXFileReference section */
		36D2DD492BBE821100316BDB /* TabbarVC.swift */ = {isa = PBXFileReference; lastKnownFileType = sourcecode.swift; path = TabbarVC.swift; sourceTree = "<group>"; };
		36D2DD4D2BBE998F00316BDB /* SkillCell.swift */ = {isa = PBXFileReference; lastKnownFileType = sourcecode.swift; path = SkillCell.swift; sourceTree = "<group>"; };
		36D2DD4E2BBE998F00316BDB /* SkillCell.xib */ = {isa = PBXFileReference; lastKnownFileType = file.xib; path = SkillCell.xib; sourceTree = "<group>"; };
		36D2DD512BBE9B0300316BDB /* Skill.swift */ = {isa = PBXFileReference; lastKnownFileType = sourcecode.swift; path = Skill.swift; sourceTree = "<group>"; };
		36DF42DB2BBEB89D00EA6A7E /* ContactVC.swift */ = {isa = PBXFileReference; lastKnownFileType = sourcecode.swift; path = ContactVC.swift; sourceTree = "<group>"; };
		36E906F02BBC070C00425255 /* Portfolio.app */ = {isa = PBXFileReference; explicitFileType = wrapper.application; includeInIndex = 0; path = Portfolio.app; sourceTree = BUILT_PRODUCTS_DIR; };
		36E906F32BBC070C00425255 /* AppDelegate.swift */ = {isa = PBXFileReference; lastKnownFileType = sourcecode.swift; path = AppDelegate.swift; sourceTree = "<group>"; };
		36E906F52BBC070C00425255 /* SceneDelegate.swift */ = {isa = PBXFileReference; lastKnownFileType = sourcecode.swift; path = SceneDelegate.swift; sourceTree = "<group>"; };
		36E906F72BBC070C00425255 /* ViewController.swift */ = {isa = PBXFileReference; lastKnownFileType = sourcecode.swift; path = ViewController.swift; sourceTree = "<group>"; };
		36E906FA2BBC070C00425255 /* Base */ = {isa = PBXFileReference; lastKnownFileType = file.storyboard; name = Base; path = Base.lproj/Main.storyboard; sourceTree = "<group>"; };
		36E906FC2BBC070D00425255 /* Assets.xcassets */ = {isa = PBXFileReference; lastKnownFileType = folder.assetcatalog; path = Assets.xcassets; sourceTree = "<group>"; };
		36E907012BBC070D00425255 /* Info.plist */ = {isa = PBXFileReference; lastKnownFileType = text.plist.xml; path = Info.plist; sourceTree = "<group>"; };
		36E907132BBC10D800425255 /* HomeVC.swift */ = {isa = PBXFileReference; lastKnownFileType = sourcecode.swift; path = HomeVC.swift; sourceTree = "<group>"; };
		36E907152BBC10EA00425255 /* TabbarVC.storyboard */ = {isa = PBXFileReference; lastKnownFileType = file.storyboard; path = TabbarVC.storyboard; sourceTree = "<group>"; };
/* End PBXFileReference section */

/* Begin PBXFrameworksBuildPhase section */
		36E906ED2BBC070C00425255 /* Frameworks */ = {
			isa = PBXFrameworksBuildPhase;
			buildActionMask = 2147483647;
			files = (
			);
			runOnlyForDeploymentPostprocessing = 0;
		};
/* End PBXFrameworksBuildPhase section */

/* Begin PBXGroup section */
		36D2DD462BBE81D500316BDB /* TabbarVC */ = {
			isa = PBXGroup;
			children = (
				36E907152BBC10EA00425255 /* TabbarVC.storyboard */,
				36D2DD492BBE821100316BDB /* TabbarVC.swift */,
			);
			path = TabbarVC;
			sourceTree = "<group>";
		};
		36D2DD4B2BBE995C00316BDB /* xibs */ = {
			isa = PBXGroup;
			children = (
				36D2DD4C2BBE996100316BDB /* Skills */,
			);
			path = xibs;
			sourceTree = "<group>";
		};
		36D2DD4C2BBE996100316BDB /* Skills */ = {
			isa = PBXGroup;
			children = (
				36D2DD4D2BBE998F00316BDB /* SkillCell.swift */,
				36D2DD4E2BBE998F00316BDB /* SkillCell.xib */,
			);
			path = Skills;
			sourceTree = "<group>";
		};
		36DF42DA2BBEB88700EA6A7E /* Contact */ = {
			isa = PBXGroup;
			children = (
				36DF42DB2BBEB89D00EA6A7E /* ContactVC.swift */,
			);
			path = Contact;
			sourceTree = "<group>";
		};
		36E906E72BBC070C00425255 = {
			isa = PBXGroup;
			children = (
				36E906F22BBC070C00425255 /* Portfolio */,
				36E906F12BBC070C00425255 /* Products */,
			);
			sourceTree = "<group>";
		};
		36E906F12BBC070C00425255 /* Products */ = {
			isa = PBXGroup;
			children = (
				36E906F02BBC070C00425255 /* Portfolio.app */,
			);
			name = Products;
			sourceTree = "<group>";
		};
		36E906F22BBC070C00425255 /* Portfolio */ = {
			isa = PBXGroup;
			children = (
				36D2DD4B2BBE995C00316BDB /* xibs */,
				36E906F32BBC070C00425255 /* AppDelegate.swift */,
				36E906F52BBC070C00425255 /* SceneDelegate.swift */,
				36E906F72BBC070C00425255 /* ViewController.swift */,
				36E906F92BBC070C00425255 /* Main.storyboard */,
				36D2DD462BBE81D500316BDB /* TabbarVC */,
				36E907122BBC10BC00425255 /* Home */,
				36DF42DA2BBEB88700EA6A7E /* Contact */,
				36E906FC2BBC070D00425255 /* Assets.xcassets */,
				36E907012BBC070D00425255 /* Info.plist */,
				36D2DD512BBE9B0300316BDB /* Skill.swift */,
			);
			path = Portfolio;
			sourceTree = "<group>";
		};
		36E907122BBC10BC00425255 /* Home */ = {
			isa = PBXGroup;
			children = (
				36E907132BBC10D800425255 /* HomeVC.swift */,
			);
			path = Home;
			sourceTree = "<group>";
		};
/* End PBXGroup section */

/* Begin PBXNativeTarget section */
		36E906EF2BBC070C00425255 /* Portfolio */ = {
			isa = PBXNativeTarget;
			buildConfigurationList = 36E907042BBC070D00425255 /* Build configuration list for PBXNativeTarget "Portfolio" */;
			buildPhases = (
				36E906EC2BBC070C00425255 /* Sources */,
				36E906ED2BBC070C00425255 /* Frameworks */,
				36E906EE2BBC070C00425255 /* Resources */,
			);
			buildRules = (
			);
			dependencies = (
			);
			name = Portfolio;
			productName = Portfolio;
			productReference = 36E906F02BBC070C00425255 /* Portfolio.app */;
			productType = "com.apple.product-type.application";
		};
/* End PBXNativeTarget section */

/* Begin PBXProject section */
		36E906E82BBC070C00425255 /* Project object */ = {
			isa = PBXProject;
			attributes = {
				BuildIndependentTargetsInParallel = 1;
				LastSwiftUpdateCheck = 1530;
				LastUpgradeCheck = 1530;
				TargetAttributes = {
					36E906EF2BBC070C00425255 = {
						CreatedOnToolsVersion = 15.3;
					};
				};
			};
			buildConfigurationList = 36E906EB2BBC070C00425255 /* Build configuration list for PBXProject "Portfolio" */;
			compatibilityVersion = "Xcode 14.0";
			developmentRegion = en;
			hasScannedForEncodings = 0;
			knownRegions = (
				en,
				Base,
			);
			mainGroup = 36E906E72BBC070C00425255;
			productRefGroup = 36E906F12BBC070C00425255 /* Products */;
			projectDirPath = "";
			projectRoot = "";
			targets = (
				36E906EF2BBC070C00425255 /* Portfolio */,
			);
		};
/* End PBXProject section */

/* Begin PBXResourcesBuildPhase section */
		36E906EE2BBC070C00425255 /* Resources */ = {
			isa = PBXResourcesBuildPhase;
			buildActionMask = 2147483647;
			files = (
				36E906FD2BBC070D00425255 /* Assets.xcassets in Resources */,
				36D2DD4F2BBE998F00316BDB /* SkillCell.xib in Resources */,
				36E907162BBC10EA00425255 /* TabbarVC.storyboard in Resources */,
				36E906FB2BBC070C00425255 /* Base in Resources */,
			);
			runOnlyForDeploymentPostprocessing = 0;
		};
/* End PBXResourcesBuildPhase section */

/* Begin PBXSourcesBuildPhase section */
		36E906EC2BBC070C00425255 /* Sources */ = {
			isa = PBXSourcesBuildPhase;
			buildActionMask = 2147483647;
			files = (
				36D2DD522BBE9B0300316BDB /* Skill.swift in Sources */,
				36E906F82BBC070C00425255 /* ViewController.swift in Sources */,
				36D2DD502BBE998F00316BDB /* SkillCell.swift in Sources */,
				36E907142BBC10D800425255 /* HomeVC.swift in Sources */,
				36E906F42BBC070C00425255 /* AppDelegate.swift in Sources */,
				36E906F62BBC070C00425255 /* SceneDelegate.swift in Sources */,
				36D2DD4A2BBE821100316BDB /* TabbarVC.swift in Sources */,
				36DF42DC2BBEB89D00EA6A7E /* ContactVC.swift in Sources */,
			);
			runOnlyForDeploymentPostprocessing = 0;
		};
/* End PBXSourcesBuildPhase section */

/* Begin PBXVariantGroup section */
		36E906F92BBC070C00425255 /* Main.storyboard */ = {
			isa = PBXVariantGroup;
			children = (
				36E906FA2BBC070C00425255 /* Base */,
			);
			name = Main.storyboard;
			sourceTree = "<group>";
		};
/* End PBXVariantGroup section */

/* Begin XCBuildConfiguration section */
		36E907022BBC070D00425255 /* Debug */ = {
			isa = XCBuildConfiguration;
			buildSettings = {
				ALWAYS_SEARCH_USER_PATHS = NO;
				ASSETCATALOG_COMPILER_GENERATE_SWIFT_ASSET_SYMBOL_EXTENSIONS = YES;
				CLANG_ANALYZER_NONNULL = YES;
				CLANG_ANALYZER_NUMBER_OBJECT_CONVERSION = YES_AGGRESSIVE;
				CLANG_CXX_LANGUAGE_STANDARD = "gnu++20";
				CLANG_ENABLE_MODULES = YES;
				CLANG_ENABLE_OBJC_ARC = YES;
				CLANG_ENABLE_OBJC_WEAK = YES;
				CLANG_WARN_BLOCK_CAPTURE_AUTORELEASING = YES;
				CLANG_WARN_BOOL_CONVERSION = YES;
				CLANG_WARN_COMMA = YES;
				CLANG_WARN_CONSTANT_CONVERSION = YES;
				CLANG_WARN_DEPRECATED_OBJC_IMPLEMENTATIONS = YES;
				CLANG_WARN_DIRECT_OBJC_ISA_USAGE = YES_ERROR;
				CLANG_WARN_DOCUMENTATION_COMMENTS = YES;
				CLANG_WARN_EMPTY_BODY = YES;
				CLANG_WARN_ENUM_CONVERSION = YES;
				CLANG_WARN_INFINITE_RECURSION = YES;
				CLANG_WARN_INT_CONVERSION = YES;
				CLANG_WARN_NON_LITERAL_NULL_CONVERSION = YES;
				CLANG_WARN_OBJC_IMPLICIT_RETAIN_SELF = YES;
				CLANG_WARN_OBJC_LITERAL_CONVERSION = YES;
				CLANG_WARN_OBJC_ROOT_CLASS = YES_ERROR;
				CLANG_WARN_QUOTED_INCLUDE_IN_FRAMEWORK_HEADER = YES;
				CLANG_WARN_RANGE_LOOP_ANALYSIS = YES;
				CLANG_WARN_STRICT_PROTOTYPES = YES;
				CLANG_WARN_SUSPICIOUS_MOVE = YES;
				CLANG_WARN_UNGUARDED_AVAILABILITY = YES_AGGRESSIVE;
				CLANG_WARN_UNREACHABLE_CODE = YES;
				CLANG_WARN__DUPLICATE_METHOD_MATCH = YES;
				COPY_PHASE_STRIP = NO;
				DEBUG_INFORMATION_FORMAT = dwarf;
				ENABLE_STRICT_OBJC_MSGSEND = YES;
				ENABLE_TESTABILITY = YES;
				ENABLE_USER_SCRIPT_SANDBOXING = YES;
				GCC_C_LANGUAGE_STANDARD = gnu17;
				GCC_DYNAMIC_NO_PIC = NO;
				GCC_NO_COMMON_BLOCKS = YES;
				GCC_OPTIMIZATION_LEVEL = 0;
				GCC_PREPROCESSOR_DEFINITIONS = (
					"DEBUG=1",
					"$(inherited)",
				);
				GCC_WARN_64_TO_32_BIT_CONVERSION = YES;
				GCC_WARN_ABOUT_RETURN_TYPE = YES_ERROR;
				GCC_WARN_UNDECLARED_SELECTOR = YES;
				GCC_WARN_UNINITIALIZED_AUTOS = YES_AGGRESSIVE;
				GCC_WARN_UNUSED_FUNCTION = YES;
				GCC_WARN_UNUSED_VARIABLE = YES;
				IPHONEOS_DEPLOYMENT_TARGET = 13.0;
				LOCALIZATION_PREFERS_STRING_CATALOGS = YES;
				MTL_ENABLE_DEBUG_INFO = INCLUDE_SOURCE;
				MTL_FAST_MATH = YES;
				ONLY_ACTIVE_ARCH = YES;
				SDKROOT = iphoneos;
				SWIFT_ACTIVE_COMPILATION_CONDITIONS = "DEBUG $(inherited)";
				SWIFT_OPTIMIZATION_LEVEL = "-Onone";
			};
			name = Debug;
		};
		36E907032BBC070D00425255 /* Release */ = {
			isa = XCBuildConfiguration;
			buildSettings = {
				ALWAYS_SEARCH_USER_PATHS = NO;
				ASSETCATALOG_COMPILER_GENERATE_SWIFT_ASSET_SYMBOL_EXTENSIONS = YES;
				CLANG_ANALYZER_NONNULL = YES;
				CLANG_ANALYZER_NUMBER_OBJECT_CONVERSION = YES_AGGRESSIVE;
				CLANG_CXX_LANGUAGE_STANDARD = "gnu++20";
				CLANG_ENABLE_MODULES = YES;
				CLANG_ENABLE_OBJC_ARC = YES;
				CLANG_ENABLE_OBJC_WEAK = YES;
				CLANG_WARN_BLOCK_CAPTURE_AUTORELEASING = YES;
				CLANG_WARN_BOOL_CONVERSION = YES;
				CLANG_WARN_COMMA = YES;
				CLANG_WARN_CONSTANT_CONVERSION = YES;
				CLANG_WARN_DEPRECATED_OBJC_IMPLEMENTATIONS = YES;
				CLANG_WARN_DIRECT_OBJC_ISA_USAGE = YES_ERROR;
				CLANG_WARN_DOCUMENTATION_COMMENTS = YES;
				CLANG_WARN_EMPTY_BODY = YES;
				CLANG_WARN_ENUM_CONVERSION = YES;
				CLANG_WARN_INFINITE_RECURSION = YES;
				CLANG_WARN_INT_CONVERSION = YES;
				CLANG_WARN_NON_LITERAL_NULL_CONVERSION = YES;
				CLANG_WARN_OBJC_IMPLICIT_RETAIN_SELF = YES;
				CLANG_WARN_OBJC_LITERAL_CONVERSION = YES;
				CLANG_WARN_OBJC_ROOT_CLASS = YES_ERROR;
				CLANG_WARN_QUOTED_INCLUDE_IN_FRAMEWORK_HEADER = YES;
				CLANG_WARN_RANGE_LOOP_ANALYSIS = YES;
				CLANG_WARN_STRICT_PROTOTYPES = YES;
				CLANG_WARN_SUSPICIOUS_MOVE = YES;
				CLANG_WARN_UNGUARDED_AVAILABILITY = YES_AGGRESSIVE;
				CLANG_WARN_UNREACHABLE_CODE = YES;
				CLANG_WARN__DUPLICATE_METHOD_MATCH = YES;
				COPY_PHASE_STRIP = NO;
				DEBUG_INFORMATION_FORMAT = "dwarf-with-dsym";
				ENABLE_NS_ASSERTIONS = NO;
				ENABLE_STRICT_OBJC_MSGSEND = YES;
				ENABLE_USER_SCRIPT_SANDBOXING = YES;
				GCC_C_LANGUAGE_STANDARD = gnu17;
				GCC_NO_COMMON_BLOCKS = YES;
				GCC_WARN_64_TO_32_BIT_CONVERSION = YES;
				GCC_WARN_ABOUT_RETURN_TYPE = YES_ERROR;
				GCC_WARN_UNDECLARED_SELECTOR = YES;
				GCC_WARN_UNINITIALIZED_AUTOS = YES_AGGRESSIVE;
				GCC_WARN_UNUSED_FUNCTION = YES;
				GCC_WARN_UNUSED_VARIABLE = YES;
				IPHONEOS_DEPLOYMENT_TARGET = 13.0;
				LOCALIZATION_PREFERS_STRING_CATALOGS = YES;
				MTL_ENABLE_DEBUG_INFO = NO;
				MTL_FAST_MATH = YES;
				SDKROOT = iphoneos;
				SWIFT_COMPILATION_MODE = wholemodule;
				VALIDATE_PRODUCT = YES;
			};
			name = Release;
		};
		36E907052BBC070D00425255 /* Debug */ = {
			isa = XCBuildConfiguration;
			buildSettings = {
				ASSETCATALOG_COMPILER_APPICON_NAME = AppIcon;
				ASSETCATALOG_COMPILER_GLOBAL_ACCENT_COLOR_NAME = AccentColor;
				CODE_SIGN_STYLE = Automatic;
				CURRENT_PROJECT_VERSION = 1;
				DEVELOPMENT_TEAM = 57BB6YGTBS;
				GENERATE_INFOPLIST_FILE = YES;
				INFOPLIST_FILE = Portfolio/Info.plist;
				INFOPLIST_KEY_UIApplicationSupportsIndirectInputEvents = YES;
				INFOPLIST_KEY_UILaunchStoryboardName = LaunchScreen;
				INFOPLIST_KEY_UIMainStoryboardFile = Main;
				INFOPLIST_KEY_UISupportedInterfaceOrientations_iPad = "UIInterfaceOrientationPortrait UIInterfaceOrientationPortraitUpsideDown UIInterfaceOrientationLandscapeLeft UIInterfaceOrientationLandscapeRight";
				INFOPLIST_KEY_UISupportedInterfaceOrientations_iPhone = "UIInterfaceOrientationPortrait UIInterfaceOrientationLandscapeLeft UIInterfaceOrientationLandscapeRight";
				IPHONEOS_DEPLOYMENT_TARGET = 13.0;
				LD_RUNPATH_SEARCH_PATHS = (
					"$(inherited)",
					"@executable_path/Frameworks",
				);
				MARKETING_VERSION = 1.0;
				PRODUCT_BUNDLE_IDENTIFIER = "mag-isb.Portfolio";
				PRODUCT_NAME = "$(TARGET_NAME)";
				SWIFT_EMIT_LOC_STRINGS = YES;
				SWIFT_VERSION = 5.0;
				TARGETED_DEVICE_FAMILY = "1,2";
			};
			name = Debug;
		};
		36E907062BBC070D00425255 /* Release */ = {
			isa = XCBuildConfiguration;
			buildSettings = {
				ASSETCATALOG_COMPILER_APPICON_NAME = AppIcon;
				ASSETCATALOG_COMPILER_GLOBAL_ACCENT_COLOR_NAME = AccentColor;
				CODE_SIGN_STYLE = Automatic;
				CURRENT_PROJECT_VERSION = 1;
				DEVELOPMENT_TEAM = 57BB6YGTBS;
				GENERATE_INFOPLIST_FILE = YES;
				INFOPLIST_FILE = Portfolio/Info.plist;
				INFOPLIST_KEY_UIApplicationSupportsIndirectInputEvents = YES;
				INFOPLIST_KEY_UILaunchStoryboardName = LaunchScreen;
				INFOPLIST_KEY_UIMainStoryboardFile = Main;
				INFOPLIST_KEY_UISupportedInterfaceOrientations_iPad = "UIInterfaceOrientationPortrait UIInterfaceOrientationPortraitUpsideDown UIInterfaceOrientationLandscapeLeft UIInterfaceOrientationLandscapeRight";
				INFOPLIST_KEY_UISupportedInterfaceOrientations_iPhone = "UIInterfaceOrientationPortrait UIInterfaceOrientationLandscapeLeft UIInterfaceOrientationLandscapeRight";
				IPHONEOS_DEPLOYMENT_TARGET = 13.0;
				LD_RUNPATH_SEARCH_PATHS = (
					"$(inherited)",
					"@executable_path/Frameworks",
				);
				MARKETING_VERSION = 1.0;
				PRODUCT_BUNDLE_IDENTIFIER = "mag-isb.Portfolio";
				PRODUCT_NAME = "$(TARGET_NAME)";
				SWIFT_EMIT_LOC_STRINGS = YES;
				SWIFT_VERSION = 5.0;
				TARGETED_DEVICE_FAMILY = "1,2";
			};
			name = Release;
		};
/* End XCBuildConfiguration section */

/* Begin XCConfigurationList section */
		36E906EB2BBC070C00425255 /* Build configuration list for PBXProject "Portfolio" */ = {
			isa = XCConfigurationList;
			buildConfigurations = (
				36E907022BBC070D00425255 /* Debug */,
				36E907032BBC070D00425255 /* Release */,
			);
			defaultConfigurationIsVisible = 0;
			defaultConfigurationName = Release;
		};
		36E907042BBC070D00425255 /* Build configuration list for PBXNativeTarget "Portfolio" */ = {
			isa = XCConfigurationList;
			buildConfigurations = (
				36E907052BBC070D00425255 /* Debug */,
				36E907062BBC070D00425255 /* Release */,
			);
			defaultConfigurationIsVisible = 0;
			defaultConfigurationName = Release;
		};
/* End XCConfigurationList section */
	};
	rootObject = 36E906E82BBC070C00425255 /* Project object */;
}
